
Microsoft Visual Studio Solution File, Format Version 12.00
# Visual Studio Version 16
VisualStudioVersion = 16.0.31112.23
MinimumVisualStudioVersion = 10.0.40219.1
Project("{888888A0-9F3D-457C-B088-3A5042F75D52}") = "Enkripsi", "Enkripsi\Enkripsi.pyproj", "{E7BBE859-369C-4B3E-9D5F-B09EEBBEDEA8}"
EndProject
Global
	GlobalSection(SolutionConfigurationPlatforms) = preSolution
		Debug|Any CPU = Debug|Any CPU
		Release|Any CPU = Release|Any CPU
	EndGlobalSection
	GlobalSection(ProjectConfigurationPlatforms) = postSolution
		{E7BBE859-369C-4B3E-9D5F-B09EEBBEDEA8}.Debug|Any CPU.ActiveCfg = Debug|Any CPU
		{E7BBE859-369C-4B3E-9D5F-B09EEBBEDEA8}.Release|Any CPU.ActiveCfg = Release|Any CPU
	EndGlobalSection
	GlobalSection(SolutionProperties) = preSolution
		HideSolutionNode = FALSE
	EndGlobalSection
	GlobalSection(ExtensibilityGlobals) = postSolution
		SolutionGuid = {3D6B7373-54AD-4EA6-8593-0ABA68C83B69}
	EndGlobalSection
EndGlobal
